{
  "version": 1,
  "dependencies": {
    "net7.0-windows7.0": {
      "Flow.Launcher.Plugin": {
        "type": "Direct",
        "requested": "[4.5.0, )",
        "resolved": "4.5.0",
        "contentHash": "xo8/j+qpcW9RmLdPlqFqK4cAxJWcrtVQ4ihHLBK+/rL/5Ja5wIdqOr4nu10nXOlf61BRFzgy9veDGKxAB9BkhA==",
        "dependencies": {
          "JetBrains.Annotations": "2024.3.0"
        }
      },
      "JetBrains.Annotations": {
        "type": "Direct",
        "requested": "[2024.3.0, )",
        "resolved": "2024.3.0",
        "contentHash": "ox5pkeLQXjvJdyAB4b2sBYAlqZGLh3PjSnP1bQNVx72ONuTJ9+34/+Rq91Fc0dG29XG9RgZur9+NcP4riihTug=="
      },
      "Microsoft.CodeAnalysis.NetAnalyzers": {
        "type": "Direct",
        "requested": "[8.0.0, )",
        "resolved": "8.0.0",
        "contentHash": "DxiTgkCl3CGq1rYmBX2wjY7XGbxiBdL4J+/AJIAFLKy5z70NxhnVRnPghnicXZ8oF6JKVXlW3xwznRbI3ioEKg=="
      },
      "Microsoft.Windows.CsWin32": {
        "type": "Direct",
        "requested": "[0.3.49-beta, )",
        "resolved": "0.3.49-beta",
        "contentHash": "/iAXplVDKESFyLz/MShuVYVx62YFvFePpq3qrzREl8KScQqG6Z2kV7r9UJTjQS1g+hfy3V+e4m1x9lsu24YNSg==",
        "dependencies": {
          "Microsoft.Windows.SDK.Win32Docs": "0.1.42-alpha",
          "Microsoft.Windows.SDK.Win32Metadata": "55.0.45-preview",
          "Microsoft.Windows.WDK.Win32Metadata": "0.9.9-experimental",
          "System.Memory": "4.5.5",
          "System.Runtime.CompilerServices.Unsafe": "6.0.0"
        }
      },
      "Microsoft.Windows.SDK.Win32Metadata": {
        "type": "Direct",
        "requested": "[58.0.18-preview, )",
        "resolved": "58.0.18-preview",
        "contentHash": "oZMCcoWUwBHzSWBr9X1sJUJbGr8GOSRmcuvFU4FJ79lV9IYWLNqy2DZ+z70j2vVvzfhoWyGPgkAwOUzh0KX19Q=="
      },
      "Microsoft.Windows.SDK.Win32Docs": {
        "type": "Transitive",
        "resolved": "0.1.42-alpha",
        "contentHash": "Z/9po23gUA9aoukirh2ItMU2ZS9++Js9Gdds9fu5yuMojDrmArvY2y+tq9985tR3cxFxpZO1O35Wjfo0khj5HA=="
      },
      "Microsoft.Windows.WDK.Win32Metadata": {
        "type": "Transitive",
        "resolved": "0.9.9-experimental",
        "contentHash": "cncPlxLqR25mFOuvpxZPgXgJqRmXyV5eTULj/9w8AQvO/c1xJDEapohRsWkYaia7hCR/EwEzBHr7RU9u93T03w==",
        "dependencies": {
          "Microsoft.Windows.SDK.Win32Metadata": "55.0.45-preview"
        }
      },
      "System.Memory": {
        "type": "Transitive",
        "resolved": "4.5.5",
        "contentHash": "XIWiDvKPXaTveaB7HVganDlOCRoj03l+jrwNvcge/t8vhGYKvqV+dMv6G4SAX2NoNmN0wZfVPTAlFwZcZvVOUw=="
      },
      "System.Runtime.CompilerServices.Unsafe": {
        "type": "Transitive",
        "resolved": "6.0.0",
        "contentHash": "/iUeP3tq1S0XdNNoMz5C9twLSrM/TH+qElHkXWaPvuNOt+99G75NrV0OS2EqHx5wMN7popYjpc8oTjC1y16DLg=="
      }
    }
  }
}